// !$*UTF8*$!
{
	archiveVersion = 1;
	classes = {
	};
	objectVersion = 50;
	objects = {

/* Begin PBXBuildFile section */
		E31854B720D7EB1E00D8AC89 /* Request+Decodable.swift in Sources */ = {isa = PBXBuildFile; fileRef = E31854B620D7EB1E00D8AC89 /* Request+Decodable.swift */; };
		E31854B920D7ED6A00D8AC89 /* user.json in Resources */ = {isa = PBXBuildFile; fileRef = E31854B820D7ED6A00D8AC89 /* user.json */; };
		E31854BB20D8D78B00D8AC89 /* UserSpec.swift in Sources */ = {isa = PBXBuildFile; fileRef = E31854BA20D8D78B00D8AC89 /* UserSpec.swift */; };
		E31854BD20D8D8C500D8AC89 /* User.swift in Sources */ = {isa = PBXBuildFile; fileRef = E31854BC20D8D8C500D8AC89 /* User.swift */; };
		E31854BF20D8D90A00D8AC89 /* Address.swift in Sources */ = {isa = PBXBuildFile; fileRef = E31854BE20D8D90A00D8AC89 /* Address.swift */; };
		E31854C120D8D93700D8AC89 /* Company.swift in Sources */ = {isa = PBXBuildFile; fileRef = E31854C020D8D93700D8AC89 /* Company.swift */; };
		E31854C320D8D9DC00D8AC89 /* GeoLocation.swift in Sources */ = {isa = PBXBuildFile; fileRef = E31854C220D8D9DC00D8AC89 /* GeoLocation.swift */; };
		E31854C520D8DEC200D8AC89 /* UserRequest.swift in Sources */ = {isa = PBXBuildFile; fileRef = E31854C420D8DEC200D8AC89 /* UserRequest.swift */; };
		E31854C720D8DF2100D8AC89 /* UserRequestSpec.swift in Sources */ = {isa = PBXBuildFile; fileRef = E31854C620D8DF2100D8AC89 /* UserRequestSpec.swift */; };
		E31854C920D925EF00D8AC89 /* CommentSpec.swift in Sources */ = {isa = PBXBuildFile; fileRef = E31854C820D925EF00D8AC89 /* CommentSpec.swift */; };
		E31854CB20D9272500D8AC89 /* Comment.swift in Sources */ = {isa = PBXBuildFile; fileRef = E31854CA20D9272500D8AC89 /* Comment.swift */; };
		E31854CD20D9281D00D8AC89 /* CommentsRequestSpec.swift in Sources */ = {isa = PBXBuildFile; fileRef = E31854CC20D9281D00D8AC89 /* CommentsRequestSpec.swift */; };
		E31854CF20D9297A00D8AC89 /* comments.json in Resources */ = {isa = PBXBuildFile; fileRef = E31854CE20D9297A00D8AC89 /* comments.json */; };
		E31854D120D929B000D8AC89 /* CommentsRequest.swift in Sources */ = {isa = PBXBuildFile; fileRef = E31854D020D929B000D8AC89 /* CommentsRequest.swift */; };
		E31854D320D92C9500D8AC89 /* ApiClientSpec.swift in Sources */ = {isa = PBXBuildFile; fileRef = E31854D220D92C9500D8AC89 /* ApiClientSpec.swift */; };
		E31854D520D92EF300D8AC89 /* ApiClient.swift in Sources */ = {isa = PBXBuildFile; fileRef = E31854D420D92EF300D8AC89 /* ApiClient.swift */; };
		E31854D820D92F6B00D8AC89 /* SessionTaskError.swift in Sources */ = {isa = PBXBuildFile; fileRef = E31854D720D92F6B00D8AC89 /* SessionTaskError.swift */; };
		E31854DA20D92F7A00D8AC89 /* SessionTask.swift in Sources */ = {isa = PBXBuildFile; fileRef = E31854D920D92F7A00D8AC89 /* SessionTask.swift */; };
		E32C426920DDFB9D00AB328A /* DataProvider.swift in Sources */ = {isa = PBXBuildFile; fileRef = E32C426820DDFB9D00AB328A /* DataProvider.swift */; };
		E32C426B20DDFFA400AB328A /* ResultWrappedObservable.swift in Sources */ = {isa = PBXBuildFile; fileRef = E32C426A20DDFFA400AB328A /* ResultWrappedObservable.swift */; };
		E32C426D20DE03B000AB328A /* Database.swift in Sources */ = {isa = PBXBuildFile; fileRef = E32C426C20DE03B000AB328A /* Database.swift */; };
		E32C427020DE097D00AB328A /* DatabaseSpec.swift in Sources */ = {isa = PBXBuildFile; fileRef = E32C426F20DE097D00AB328A /* DatabaseSpec.swift */; };
		E32C427220DE185600AB328A /* CoreDataStackMock.swift in Sources */ = {isa = PBXBuildFile; fileRef = E32C427120DE185600AB328A /* CoreDataStackMock.swift */; };
		E32C427420DE1E2400AB328A /* NSManagedObjectContext+ReactiveSwift.swift in Sources */ = {isa = PBXBuildFile; fileRef = E32C427320DE1E2400AB328A /* NSManagedObjectContext+ReactiveSwift.swift */; };
		E32C428120DE4B5400AB328A /* PostsViewController.swift in Sources */ = {isa = PBXBuildFile; fileRef = E32C428020DE4B5400AB328A /* PostsViewController.swift */; };
		E32C428320DE4B5E00AB328A /* PostsViewController.storyboard in Resources */ = {isa = PBXBuildFile; fileRef = E32C428220DE4B5E00AB328A /* PostsViewController.storyboard */; };
		E32C428520DE4B7E00AB328A /* PostsViewModel.swift in Sources */ = {isa = PBXBuildFile; fileRef = E32C428420DE4B7E00AB328A /* PostsViewModel.swift */; };
		E32C428720DE4C8500AB328A /* PostCellModel.swift in Sources */ = {isa = PBXBuildFile; fileRef = E32C428620DE4C8500AB328A /* PostCellModel.swift */; };
		E32C428B20DE4D9600AB328A /* UITableView+Type.swift in Sources */ = {isa = PBXBuildFile; fileRef = E32C428A20DE4D9600AB328A /* UITableView+Type.swift */; };
		E32C428D20DE4DD700AB328A /* PostCell.swift in Sources */ = {isa = PBXBuildFile; fileRef = E32C428C20DE4DD700AB328A /* PostCell.swift */; };
		E32C428F20DE4DE000AB328A /* PostCell.xib in Resources */ = {isa = PBXBuildFile; fileRef = E32C428E20DE4DE000AB328A /* PostCell.xib */; };
		E32C429220DE55CF00AB328A /* PostCellModelSpec.swift in Sources */ = {isa = PBXBuildFile; fileRef = E32C429120DE55CF00AB328A /* PostCellModelSpec.swift */; };
		E32C429620DE58C700AB328A /* PostsViewModelSpec.swift in Sources */ = {isa = PBXBuildFile; fileRef = E32C429520DE58C700AB328A /* PostsViewModelSpec.swift */; };
		E38216CF20DA44F50064B147 /* JSONPlaceholderViewer.xcdatamodeld in Sources */ = {isa = PBXBuildFile; fileRef = E38216CD20DA44F50064B147 /* JSONPlaceholderViewer.xcdatamodeld */; };
		E38216D220DA48890064B147 /* Post.swift in Sources */ = {isa = PBXBuildFile; fileRef = E38216D120DA48890064B147 /* Post.swift */; };
		E38216D420DA4B970064B147 /* User.swift in Sources */ = {isa = PBXBuildFile; fileRef = E38216D320DA4B970064B147 /* User.swift */; };
		E38216D620DA4B9E0064B147 /* Comment.swift in Sources */ = {isa = PBXBuildFile; fileRef = E38216D520DA4B9E0064B147 /* Comment.swift */; };
		E38216D920DA4D1C0064B147 /* Managed.swift in Sources */ = {isa = PBXBuildFile; fileRef = E38216D820DA4D1C0064B147 /* Managed.swift */; };
		E38216DB20DA624D0064B147 /* NSManagedObject+Extension.swift in Sources */ = {isa = PBXBuildFile; fileRef = E38216DA20DA624D0064B147 /* NSManagedObject+Extension.swift */; };
		E3F5DE5520DBAF8200D3AEF7 /* CoreDataStack.swift in Sources */ = {isa = PBXBuildFile; fileRef = E3F5DE5420DBAF8200D3AEF7 /* CoreDataStack.swift */; };
		E3F5DE5720DBB54100D3AEF7 /* AppDependencies.swift in Sources */ = {isa = PBXBuildFile; fileRef = E3F5DE5620DBB54100D3AEF7 /* AppDependencies.swift */; };
		E3F5DE5920DBB55B00D3AEF7 /* Components.swift in Sources */ = {isa = PBXBuildFile; fileRef = E3F5DE5820DBB55B00D3AEF7 /* Components.swift */; };
		E3F5DE5B20DBB5BF00D3AEF7 /* ViewFactory.swift in Sources */ = {isa = PBXBuildFile; fileRef = E3F5DE5A20DBB5BF00D3AEF7 /* ViewFactory.swift */; };
		E3F5DE5D20DBB5C700D3AEF7 /* CoordinatorFactory.swift in Sources */ = {isa = PBXBuildFile; fileRef = E3F5DE5C20DBB5C700D3AEF7 /* CoordinatorFactory.swift */; };
		E3F5DE6020DBBD1000D3AEF7 /* WindowCoordinator.swift in Sources */ = {isa = PBXBuildFile; fileRef = E3F5DE5F20DBBD1000D3AEF7 /* WindowCoordinator.swift */; };
		E3F5DE6220DBBD4C00D3AEF7 /* HomeNavigationCoordinator.swift in Sources */ = {isa = PBXBuildFile; fileRef = E3F5DE6120DBBD4C00D3AEF7 /* HomeNavigationCoordinator.swift */; };
		E3F5DE6420DBBD7600D3AEF7 /* CoordinatorProtocols.swift in Sources */ = {isa = PBXBuildFile; fileRef = E3F5DE6320DBBD7600D3AEF7 /* CoordinatorProtocols.swift */; };
		E3F5DE6720DBC45E00D3AEF7 /* Network.swift in Sources */ = {isa = PBXBuildFile; fileRef = E3F5DE6620DBC45E00D3AEF7 /* Network.swift */; };
		E3F5DE6920DBC47D00D3AEF7 /* NetworkError.swift in Sources */ = {isa = PBXBuildFile; fileRef = E3F5DE6820DBC47D00D3AEF7 /* NetworkError.swift */; };
		E3F5DE6D20DBC6A700D3AEF7 /* DataProviderSpec.swift in Sources */ = {isa = PBXBuildFile; fileRef = E3F5DE6C20DBC6A700D3AEF7 /* DataProviderSpec.swift */; };
		E3F6E05620D4F0E80069D2C1 /* JSONPlaceholderApi.framework in Frameworks */ = {isa = PBXBuildFile; fileRef = E3F6E04D20D4F0E70069D2C1 /* JSONPlaceholderApi.framework */; };
		E3F6E05F20D4F0E80069D2C1 /* JSONPlaceholderApi.h in Headers */ = {isa = PBXBuildFile; fileRef = E3F6E04F20D4F0E80069D2C1 /* JSONPlaceholderApi.h */; settings = {ATTRIBUTES = (Public, ); }; };
		E3F6E06220D4F0E80069D2C1 /* JSONPlaceholderApi.framework in Frameworks */ = {isa = PBXBuildFile; fileRef = E3F6E04D20D4F0E70069D2C1 /* JSONPlaceholderApi.framework */; };
		E3F6E06320D4F0E80069D2C1 /* JSONPlaceholderApi.framework in Embed Frameworks */ = {isa = PBXBuildFile; fileRef = E3F6E04D20D4F0E70069D2C1 /* JSONPlaceholderApi.framework */; settings = {ATTRIBUTES = (CodeSignOnCopy, RemoveHeadersOnCopy, ); }; };
		E3F6E06D20D4F32A0069D2C1 /* JSONPlaceholderApi.framework in Frameworks */ = {isa = PBXBuildFile; fileRef = E3F6E04D20D4F0E70069D2C1 /* JSONPlaceholderApi.framework */; };
		E3F6E07020D508840069D2C1 /* APIKit.framework in Frameworks */ = {isa = PBXBuildFile; fileRef = E3F6E06F20D508840069D2C1 /* APIKit.framework */; };
		E3F6E07220D508890069D2C1 /* Result.framework in Frameworks */ = {isa = PBXBuildFile; fileRef = E3F6E07120D508890069D2C1 /* Result.framework */; };
		E3F6E07620D50BC40069D2C1 /* Quick.framework in Frameworks */ = {isa = PBXBuildFile; fileRef = E3F6E07520D50BC40069D2C1 /* Quick.framework */; };
		E3F6E07820D50BC80069D2C1 /* Nimble.framework in Frameworks */ = {isa = PBXBuildFile; fileRef = E3F6E07720D50BC80069D2C1 /* Nimble.framework */; };
		E3F6E07A20D50BE80069D2C1 /* Nimble.framework in CopyFiles */ = {isa = PBXBuildFile; fileRef = E3F6E07720D50BC80069D2C1 /* Nimble.framework */; settings = {ATTRIBUTES = (CodeSignOnCopy, RemoveHeadersOnCopy, ); }; };
		E3F6E07B20D50BE80069D2C1 /* Quick.framework in CopyFiles */ = {isa = PBXBuildFile; fileRef = E3F6E07520D50BC40069D2C1 /* Quick.framework */; settings = {ATTRIBUTES = (CodeSignOnCopy, RemoveHeadersOnCopy, ); }; };
		E3F6E07C20D50C2C0069D2C1 /* Quick.framework in Frameworks */ = {isa = PBXBuildFile; fileRef = E3F6E07520D50BC40069D2C1 /* Quick.framework */; };
		E3F6E07D20D50C2F0069D2C1 /* Nimble.framework in Frameworks */ = {isa = PBXBuildFile; fileRef = E3F6E07720D50BC80069D2C1 /* Nimble.framework */; };
		E3F6E07F20D50C4C0069D2C1 /* Nimble.framework in CopyFiles */ = {isa = PBXBuildFile; fileRef = E3F6E07720D50BC80069D2C1 /* Nimble.framework */; settings = {ATTRIBUTES = (CodeSignOnCopy, RemoveHeadersOnCopy, ); }; };
		E3F6E08020D50C4C0069D2C1 /* Quick.framework in CopyFiles */ = {isa = PBXBuildFile; fileRef = E3F6E07520D50BC40069D2C1 /* Quick.framework */; settings = {ATTRIBUTES = (CodeSignOnCopy, RemoveHeadersOnCopy, ); }; };
		E3F6E08220D50C800069D2C1 /* OHHTTPStubs.framework in Frameworks */ = {isa = PBXBuildFile; fileRef = E3F6E08120D50C800069D2C1 /* OHHTTPStubs.framework */; };
		E3F6E08320D50C880069D2C1 /* OHHTTPStubs.framework in CopyFiles */ = {isa = PBXBuildFile; fileRef = E3F6E08120D50C800069D2C1 /* OHHTTPStubs.framework */; settings = {ATTRIBUTES = (CodeSignOnCopy, RemoveHeadersOnCopy, ); }; };
		E3F6E08520D50C9E0069D2C1 /* ReactiveCocoa.framework in Frameworks */ = {isa = PBXBuildFile; fileRef = E3F6E08420D50C9E0069D2C1 /* ReactiveCocoa.framework */; };
		E3F6E08720D50CBF0069D2C1 /* ReactiveSwift.framework in Frameworks */ = {isa = PBXBuildFile; fileRef = E3F6E08620D50CBF0069D2C1 /* ReactiveSwift.framework */; };
		E3F6E08820D50CC50069D2C1 /* Result.framework in Frameworks */ = {isa = PBXBuildFile; fileRef = E3F6E07120D508890069D2C1 /* Result.framework */; };
		E3F6E08D20D510290069D2C1 /* StubConfigurator.swift in Sources */ = {isa = PBXBuildFile; fileRef = E3F6E08C20D510290069D2C1 /* StubConfigurator.swift */; };
		E3F6E09020D510950069D2C1 /* ApiRequestSetting.swift in Sources */ = {isa = PBXBuildFile; fileRef = E3F6E08F20D510950069D2C1 /* ApiRequestSetting.swift */; };
		E3F6E09420D512180069D2C1 /* PostsRequestSpec.swift in Sources */ = {isa = PBXBuildFile; fileRef = E3F6E09320D512180069D2C1 /* PostsRequestSpec.swift */; };
		E3F6E09820D514E00069D2C1 /* JSONPlaceholderRequest.swift in Sources */ = {isa = PBXBuildFile; fileRef = E3F6E09720D514E00069D2C1 /* JSONPlaceholderRequest.swift */; };
		E3F6E09F20D51F7A0069D2C1 /* Storyboards.swift in Sources */ = {isa = PBXBuildFile; fileRef = E3F6E09E20D51F7A0069D2C1 /* Storyboards.swift */; };
		E3FB206620D556C400C91CB9 /* PostSpec.swift in Sources */ = {isa = PBXBuildFile; fileRef = E3FB206520D556C400C91CB9 /* PostSpec.swift */; };
		E3FB206920D558B100C91CB9 /* Post.swift in Sources */ = {isa = PBXBuildFile; fileRef = E3FB206820D558B100C91CB9 /* Post.swift */; };
		E3FB206B20D55AEF00C91CB9 /* posts.json in Resources */ = {isa = PBXBuildFile; fileRef = E3FB206A20D55AEF00C91CB9 /* posts.json */; };
		E3FB206D20D55B3F00C91CB9 /* PostsRequest.swift in Sources */ = {isa = PBXBuildFile; fileRef = E3FB206C20D55B3F00C91CB9 /* PostsRequest.swift */; };
		E3FB206E20D55DA000C91CB9 /* Result.framework in Frameworks */ = {isa = PBXBuildFile; fileRef = E3F6E07120D508890069D2C1 /* Result.framework */; };
		E3FB206F20D55DA800C91CB9 /* Result.framework in CopyFiles */ = {isa = PBXBuildFile; fileRef = E3F6E07120D508890069D2C1 /* Result.framework */; settings = {ATTRIBUTES = (CodeSignOnCopy, RemoveHeadersOnCopy, ); }; };
		E3FB207020D55E3300C91CB9 /* APIKit.framework in Frameworks */ = {isa = PBXBuildFile; fileRef = E3F6E06F20D508840069D2C1 /* APIKit.framework */; };
		E3FB207120D55E3900C91CB9 /* APIKit.framework in CopyFiles */ = {isa = PBXBuildFile; fileRef = E3F6E06F20D508840069D2C1 /* APIKit.framework */; settings = {ATTRIBUTES = (CodeSignOnCopy, RemoveHeadersOnCopy, ); }; };
		E3FCF2B320D4EF3300D14E3D /* AppDelegate.swift in Sources */ = {isa = PBXBuildFile; fileRef = E3FCF2B220D4EF3300D14E3D /* AppDelegate.swift */; };
		E3FCF2BA20D4EF3500D14E3D /* Assets.xcassets in Resources */ = {isa = PBXBuildFile; fileRef = E3FCF2B920D4EF3500D14E3D /* Assets.xcassets */; };
		E3FCF2BD20D4EF3500D14E3D /* LaunchScreen.storyboard in Resources */ = {isa = PBXBuildFile; fileRef = E3FCF2BB20D4EF3500D14E3D /* LaunchScreen.storyboard */; };
		E3FCF2C820D4EF3500D14E3D /* JSONPlaceholderViewerTests.swift in Sources */ = {isa = PBXBuildFile; fileRef = E3FCF2C720D4EF3500D14E3D /* JSONPlaceholderViewerTests.swift */; };
/* End PBXBuildFile section */

/* Begin PBXContainerItemProxy section */
		E3F6E05720D4F0E80069D2C1 /* PBXContainerItemProxy */ = {
			isa = PBXContainerItemProxy;
			containerPortal = E3FCF2A720D4EF3300D14E3D /* Project object */;
			proxyType = 1;
			remoteGlobalIDString = E3F6E04C20D4F0E70069D2C1;
			remoteInfo = JSONPlaceholderApi;
		};
		E3F6E06020D4F0E80069D2C1 /* PBXContainerItemProxy */ = {
			isa = PBXContainerItemProxy;
			containerPortal = E3FCF2A720D4EF3300D14E3D /* Project object */;
			proxyType = 1;
			remoteGlobalIDString = E3F6E04C20D4F0E70069D2C1;
			remoteInfo = JSONPlaceholderApi;
		};
		E3FCF2C420D4EF3500D14E3D /* PBXContainerItemProxy */ = {
			isa = PBXContainerItemProxy;
			containerPortal = E3FCF2A720D4EF3300D14E3D /* Project object */;
			proxyType = 1;
			remoteGlobalIDString = E3FCF2AE20D4EF3300D14E3D;
			remoteInfo = JSONPlaceholderViewer;
		};
/* End PBXContainerItemProxy section */

/* Begin PBXCopyFilesBuildPhase section */
		E3F6E06920D4F0E80069D2C1 /* Embed Frameworks */ = {
			isa = PBXCopyFilesBuildPhase;
			buildActionMask = 2147483647;
			dstPath = "";
			dstSubfolderSpec = 10;
			files = (
				E3F6E06320D4F0E80069D2C1 /* JSONPlaceholderApi.framework in Embed Frameworks */,
			);
			name = "Embed Frameworks";
			runOnlyForDeploymentPostprocessing = 0;
		};
		E3F6E07920D50BD70069D2C1 /* CopyFiles */ = {
			isa = PBXCopyFilesBuildPhase;
			buildActionMask = 2147483647;
			dstPath = "";
			dstSubfolderSpec = 10;
			files = (
				E3FB207120D55E3900C91CB9 /* APIKit.framework in CopyFiles */,
				E3FB206F20D55DA800C91CB9 /* Result.framework in CopyFiles */,
				E3F6E08320D50C880069D2C1 /* OHHTTPStubs.framework in CopyFiles */,
				E3F6E07A20D50BE80069D2C1 /* Nimble.framework in CopyFiles */,
				E3F6E07B20D50BE80069D2C1 /* Quick.framework in CopyFiles */,
			);
			runOnlyForDeploymentPostprocessing = 0;
		};
		E3F6E07E20D50C410069D2C1 /* CopyFiles */ = {
			isa = PBXCopyFilesBuildPhase;
			buildActionMask = 2147483647;
			dstPath = "";
			dstSubfolderSpec = 10;
			files = (
				E3F6E07F20D50C4C0069D2C1 /* Nimble.framework in CopyFiles */,
				E3F6E08020D50C4C0069D2C1 /* Quick.framework in CopyFiles */,
			);
			runOnlyForDeploymentPostprocessing = 0;
		};
/* End PBXCopyFilesBuildPhase section */

/* Begin PBXFileReference section */
		E31854B620D7EB1E00D8AC89 /* Request+Decodable.swift */ = {isa = PBXFileReference; lastKnownFileType = sourcecode.swift; path = "Request+Decodable.swift"; sourceTree = "<group>"; };
		E31854B820D7ED6A00D8AC89 /* user.json */ = {isa = PBXFileReference; lastKnownFileType = text.json; path = user.json; sourceTree = "<group>"; };
		E31854BA20D8D78B00D8AC89 /* UserSpec.swift */ = {isa = PBXFileReference; lastKnownFileType = sourcecode.swift; path = UserSpec.swift; sourceTree = "<group>"; };
		E31854BC20D8D8C500D8AC89 /* User.swift */ = {isa = PBXFileReference; lastKnownFileType = sourcecode.swift; path = User.swift; sourceTree = "<group>"; };
		E31854BE20D8D90A00D8AC89 /* Address.swift */ = {isa = PBXFileReference; lastKnownFileType = sourcecode.swift; path = Address.swift; sourceTree = "<group>"; };
		E31854C020D8D93700D8AC89 /* Company.swift */ = {isa = PBXFileReference; lastKnownFileType = sourcecode.swift; path = Company.swift; sourceTree = "<group>"; };
		E31854C220D8D9DC00D8AC89 /* GeoLocation.swift */ = {isa = PBXFileReference; lastKnownFileType = sourcecode.swift; path = GeoLocation.swift; sourceTree = "<group>"; };
		E31854C420D8DEC200D8AC89 /* UserRequest.swift */ = {isa = PBXFileReference; lastKnownFileType = sourcecode.swift; path = UserRequest.swift; sourceTree = "<group>"; };
		E31854C620D8DF2100D8AC89 /* UserRequestSpec.swift */ = {isa = PBXFileReference; lastKnownFileType = sourcecode.swift; path = UserRequestSpec.swift; sourceTree = "<group>"; };
		E31854C820D925EF00D8AC89 /* CommentSpec.swift */ = {isa = PBXFileReference; lastKnownFileType = sourcecode.swift; path = CommentSpec.swift; sourceTree = "<group>"; };
		E31854CA20D9272500D8AC89 /* Comment.swift */ = {isa = PBXFileReference; lastKnownFileType = sourcecode.swift; path = Comment.swift; sourceTree = "<group>"; };
		E31854CC20D9281D00D8AC89 /* CommentsRequestSpec.swift */ = {isa = PBXFileReference; lastKnownFileType = sourcecode.swift; path = CommentsRequestSpec.swift; sourceTree = "<group>"; };
		E31854CE20D9297A00D8AC89 /* comments.json */ = {isa = PBXFileReference; lastKnownFileType = text.json; path = comments.json; sourceTree = "<group>"; };
		E31854D020D929B000D8AC89 /* CommentsRequest.swift */ = {isa = PBXFileReference; lastKnownFileType = sourcecode.swift; path = CommentsRequest.swift; sourceTree = "<group>"; };
		E31854D220D92C9500D8AC89 /* ApiClientSpec.swift */ = {isa = PBXFileReference; lastKnownFileType = sourcecode.swift; path = ApiClientSpec.swift; sourceTree = "<group>"; };
		E31854D420D92EF300D8AC89 /* ApiClient.swift */ = {isa = PBXFileReference; lastKnownFileType = sourcecode.swift; path = ApiClient.swift; sourceTree = "<group>"; };
		E31854D720D92F6B00D8AC89 /* SessionTaskError.swift */ = {isa = PBXFileReference; lastKnownFileType = sourcecode.swift; path = SessionTaskError.swift; sourceTree = "<group>"; };
		E31854D920D92F7A00D8AC89 /* SessionTask.swift */ = {isa = PBXFileReference; lastKnownFileType = sourcecode.swift; path = SessionTask.swift; sourceTree = "<group>"; };
		E32C426820DDFB9D00AB328A /* DataProvider.swift */ = {isa = PBXFileReference; lastKnownFileType = sourcecode.swift; path = DataProvider.swift; sourceTree = "<group>"; };
		E32C426A20DDFFA400AB328A /* ResultWrappedObservable.swift */ = {isa = PBXFileReference; lastKnownFileType = sourcecode.swift; path = ResultWrappedObservable.swift; sourceTree = "<group>"; };
		E32C426C20DE03B000AB328A /* Database.swift */ = {isa = PBXFileReference; lastKnownFileType = sourcecode.swift; path = Database.swift; sourceTree = "<group>"; };
		E32C426F20DE097D00AB328A /* DatabaseSpec.swift */ = {isa = PBXFileReference; lastKnownFileType = sourcecode.swift; path = DatabaseSpec.swift; sourceTree = "<group>"; };
		E32C427120DE185600AB328A /* CoreDataStackMock.swift */ = {isa = PBXFileReference; lastKnownFileType = sourcecode.swift; path = CoreDataStackMock.swift; sourceTree = "<group>"; };
		E32C427320DE1E2400AB328A /* NSManagedObjectContext+ReactiveSwift.swift */ = {isa = PBXFileReference; lastKnownFileType = sourcecode.swift; path = "NSManagedObjectContext+ReactiveSwift.swift"; sourceTree = "<group>"; };
		E32C428020DE4B5400AB328A /* PostsViewController.swift */ = {isa = PBXFileReference; lastKnownFileType = sourcecode.swift; path = PostsViewController.swift; sourceTree = "<group>"; };
		E32C428220DE4B5E00AB328A /* PostsViewController.storyboard */ = {isa = PBXFileReference; lastKnownFileType = file.storyboard; path = PostsViewController.storyboard; sourceTree = "<group>"; };
		E32C428420DE4B7E00AB328A /* PostsViewModel.swift */ = {isa = PBXFileReference; lastKnownFileType = sourcecode.swift; path = PostsViewModel.swift; sourceTree = "<group>"; };
		E32C428620DE4C8500AB328A /* PostCellModel.swift */ = {isa = PBXFileReference; lastKnownFileType = sourcecode.swift; path = PostCellModel.swift; sourceTree = "<group>"; };
		E32C428A20DE4D9600AB328A /* UITableView+Type.swift */ = {isa = PBXFileReference; lastKnownFileType = sourcecode.swift; path = "UITableView+Type.swift"; sourceTree = "<group>"; };
		E32C428C20DE4DD700AB328A /* PostCell.swift */ = {isa = PBXFileReference; lastKnownFileType = sourcecode.swift; path = PostCell.swift; sourceTree = "<group>"; };
		E32C428E20DE4DE000AB328A /* PostCell.xib */ = {isa = PBXFileReference; lastKnownFileType = file.xib; path = PostCell.xib; sourceTree = "<group>"; };
		E32C429120DE55CF00AB328A /* PostCellModelSpec.swift */ = {isa = PBXFileReference; lastKnownFileType = sourcecode.swift; path = PostCellModelSpec.swift; sourceTree = "<group>"; };
		E32C429520DE58C700AB328A /* PostsViewModelSpec.swift */ = {isa = PBXFileReference; lastKnownFileType = sourcecode.swift; path = PostsViewModelSpec.swift; sourceTree = "<group>"; };
		E38216CE20DA44F50064B147 /* JSONPlaceholderViewer.xcdatamodel */ = {isa = PBXFileReference; lastKnownFileType = wrapper.xcdatamodel; path = JSONPlaceholderViewer.xcdatamodel; sourceTree = "<group>"; };
		E38216D120DA48890064B147 /* Post.swift */ = {isa = PBXFileReference; lastKnownFileType = sourcecode.swift; path = Post.swift; sourceTree = "<group>"; };
		E38216D320DA4B970064B147 /* User.swift */ = {isa = PBXFileReference; lastKnownFileType = sourcecode.swift; path = User.swift; sourceTree = "<group>"; };
		E38216D520DA4B9E0064B147 /* Comment.swift */ = {isa = PBXFileReference; lastKnownFileType = sourcecode.swift; path = Comment.swift; sourceTree = "<group>"; };
		E38216D820DA4D1C0064B147 /* Managed.swift */ = {isa = PBXFileReference; lastKnownFileType = sourcecode.swift; path = Managed.swift; sourceTree = "<group>"; };
		E38216DA20DA624D0064B147 /* NSManagedObject+Extension.swift */ = {isa = PBXFileReference; lastKnownFileType = sourcecode.swift; path = "NSManagedObject+Extension.swift"; sourceTree = "<group>"; };
		E3F5DE5420DBAF8200D3AEF7 /* CoreDataStack.swift */ = {isa = PBXFileReference; lastKnownFileType = sourcecode.swift; path = CoreDataStack.swift; sourceTree = "<group>"; };
		E3F5DE5620DBB54100D3AEF7 /* AppDependencies.swift */ = {isa = PBXFileReference; lastKnownFileType = sourcecode.swift; path = AppDependencies.swift; sourceTree = "<group>"; };
		E3F5DE5820DBB55B00D3AEF7 /* Components.swift */ = {isa = PBXFileReference; lastKnownFileType = sourcecode.swift; path = Components.swift; sourceTree = "<group>"; };
		E3F5DE5A20DBB5BF00D3AEF7 /* ViewFactory.swift */ = {isa = PBXFileReference; lastKnownFileType = sourcecode.swift; path = ViewFactory.swift; sourceTree = "<group>"; };
		E3F5DE5C20DBB5C700D3AEF7 /* CoordinatorFactory.swift */ = {isa = PBXFileReference; lastKnownFileType = sourcecode.swift; path = CoordinatorFactory.swift; sourceTree = "<group>"; };
		E3F5DE5F20DBBD1000D3AEF7 /* WindowCoordinator.swift */ = {isa = PBXFileReference; lastKnownFileType = sourcecode.swift; path = WindowCoordinator.swift; sourceTree = "<group>"; };
		E3F5DE6120DBBD4C00D3AEF7 /* HomeNavigationCoordinator.swift */ = {isa = PBXFileReference; lastKnownFileType = sourcecode.swift; path = HomeNavigationCoordinator.swift; sourceTree = "<group>"; };
		E3F5DE6320DBBD7600D3AEF7 /* CoordinatorProtocols.swift */ = {isa = PBXFileReference; lastKnownFileType = sourcecode.swift; path = CoordinatorProtocols.swift; sourceTree = "<group>"; };
		E3F5DE6620DBC45E00D3AEF7 /* Network.swift */ = {isa = PBXFileReference; lastKnownFileType = sourcecode.swift; path = Network.swift; sourceTree = "<group>"; };
		E3F5DE6820DBC47D00D3AEF7 /* NetworkError.swift */ = {isa = PBXFileReference; lastKnownFileType = sourcecode.swift; path = NetworkError.swift; sourceTree = "<group>"; };
		E3F5DE6C20DBC6A700D3AEF7 /* DataProviderSpec.swift */ = {isa = PBXFileReference; lastKnownFileType = sourcecode.swift; path = DataProviderSpec.swift; sourceTree = "<group>"; };
		E3F6E04D20D4F0E70069D2C1 /* JSONPlaceholderApi.framework */ = {isa = PBXFileReference; explicitFileType = wrapper.framework; includeInIndex = 0; path = JSONPlaceholderApi.framework; sourceTree = BUILT_PRODUCTS_DIR; };
		E3F6E04F20D4F0E80069D2C1 /* JSONPlaceholderApi.h */ = {isa = PBXFileReference; lastKnownFileType = sourcecode.c.h; path = JSONPlaceholderApi.h; sourceTree = "<group>"; };
		E3F6E05020D4F0E80069D2C1 /* Info.plist */ = {isa = PBXFileReference; lastKnownFileType = text.plist.xml; path = Info.plist; sourceTree = "<group>"; };
		E3F6E05520D4F0E80069D2C1 /* JSONPlaceholderApiTests.xctest */ = {isa = PBXFileReference; explicitFileType = wrapper.cfbundle; includeInIndex = 0; path = JSONPlaceholderApiTests.xctest; sourceTree = BUILT_PRODUCTS_DIR; };
		E3F6E05E20D4F0E80069D2C1 /* Info.plist */ = {isa = PBXFileReference; lastKnownFileType = text.plist.xml; path = Info.plist; sourceTree = "<group>"; };
		E3F6E06F20D508840069D2C1 /* APIKit.framework */ = {isa = PBXFileReference; lastKnownFileType = wrapper.framework; name = APIKit.framework; path = Carthage/Build/iOS/APIKit.framework; sourceTree = "<group>"; };
		E3F6E07120D508890069D2C1 /* Result.framework */ = {isa = PBXFileReference; lastKnownFileType = wrapper.framework; name = Result.framework; path = Carthage/Build/iOS/Result.framework; sourceTree = "<group>"; };
		E3F6E07520D50BC40069D2C1 /* Quick.framework */ = {isa = PBXFileReference; lastKnownFileType = wrapper.framework; name = Quick.framework; path = Carthage/Build/iOS/Quick.framework; sourceTree = "<group>"; };
		E3F6E07720D50BC80069D2C1 /* Nimble.framework */ = {isa = PBXFileReference; lastKnownFileType = wrapper.framework; name = Nimble.framework; path = Carthage/Build/iOS/Nimble.framework; sourceTree = "<group>"; };
		E3F6E08120D50C800069D2C1 /* OHHTTPStubs.framework */ = {isa = PBXFileReference; lastKnownFileType = wrapper.framework; name = OHHTTPStubs.framework; path = Carthage/Build/iOS/OHHTTPStubs.framework; sourceTree = "<group>"; };
		E3F6E08420D50C9E0069D2C1 /* ReactiveCocoa.framework */ = {isa = PBXFileReference; lastKnownFileType = wrapper.framework; name = ReactiveCocoa.framework; path = Carthage/Build/iOS/ReactiveCocoa.framework; sourceTree = "<group>"; };
		E3F6E08620D50CBF0069D2C1 /* ReactiveSwift.framework */ = {isa = PBXFileReference; lastKnownFileType = wrapper.framework; name = ReactiveSwift.framework; path = Carthage/Build/iOS/ReactiveSwift.framework; sourceTree = "<group>"; };
		E3F6E08C20D510290069D2C1 /* StubConfigurator.swift */ = {isa = PBXFileReference; lastKnownFileType = sourcecode.swift; path = StubConfigurator.swift; sourceTree = "<group>"; };
		E3F6E08F20D510950069D2C1 /* ApiRequestSetting.swift */ = {isa = PBXFileReference; lastKnownFileType = sourcecode.swift; path = ApiRequestSetting.swift; sourceTree = "<group>"; };
		E3F6E09320D512180069D2C1 /* PostsRequestSpec.swift */ = {isa = PBXFileReference; lastKnownFileType = sourcecode.swift; path = PostsRequestSpec.swift; sourceTree = "<group>"; };
		E3F6E09720D514E00069D2C1 /* JSONPlaceholderRequest.swift */ = {isa = PBXFileReference; lastKnownFileType = sourcecode.swift; path = JSONPlaceholderRequest.swift; sourceTree = "<group>"; };
		E3F6E09E20D51F7A0069D2C1 /* Storyboards.swift */ = {isa = PBXFileReference; fileEncoding = 4; lastKnownFileType = sourcecode.swift; path = Storyboards.swift; sourceTree = "<group>"; };
		E3FB206520D556C400C91CB9 /* PostSpec.swift */ = {isa = PBXFileReference; lastKnownFileType = sourcecode.swift; path = PostSpec.swift; sourceTree = "<group>"; };
		E3FB206820D558B100C91CB9 /* Post.swift */ = {isa = PBXFileReference; lastKnownFileType = sourcecode.swift; path = Post.swift; sourceTree = "<group>"; };
		E3FB206A20D55AEF00C91CB9 /* posts.json */ = {isa = PBXFileReference; lastKnownFileType = text.json; path = posts.json; sourceTree = "<group>"; };
		E3FB206C20D55B3F00C91CB9 /* PostsRequest.swift */ = {isa = PBXFileReference; lastKnownFileType = sourcecode.swift; path = PostsRequest.swift; sourceTree = "<group>"; };
		E3FCF2AF20D4EF3300D14E3D /* JSONPlaceholderViewer.app */ = {isa = PBXFileReference; explicitFileType = wrapper.application; includeInIndex = 0; path = JSONPlaceholderViewer.app; sourceTree = BUILT_PRODUCTS_DIR; };
		E3FCF2B220D4EF3300D14E3D /* AppDelegate.swift */ = {isa = PBXFileReference; lastKnownFileType = sourcecode.swift; path = AppDelegate.swift; sourceTree = "<group>"; };
		E3FCF2B920D4EF3500D14E3D /* Assets.xcassets */ = {isa = PBXFileReference; lastKnownFileType = folder.assetcatalog; path = Assets.xcassets; sourceTree = "<group>"; };
		E3FCF2BC20D4EF3500D14E3D /* Base */ = {isa = PBXFileReference; lastKnownFileType = file.storyboard; name = Base; path = Base.lproj/LaunchScreen.storyboard; sourceTree = "<group>"; };
		E3FCF2BE20D4EF3500D14E3D /* Info.plist */ = {isa = PBXFileReference; lastKnownFileType = text.plist.xml; path = Info.plist; sourceTree = "<group>"; };
		E3FCF2C320D4EF3500D14E3D /* JSONPlaceholderViewerTests.xctest */ = {isa = PBXFileReference; explicitFileType = wrapper.cfbundle; includeInIndex = 0; path = JSONPlaceholderViewerTests.xctest; sourceTree = BUILT_PRODUCTS_DIR; };
		E3FCF2C720D4EF3500D14E3D /* JSONPlaceholderViewerTests.swift */ = {isa = PBXFileReference; lastKnownFileType = sourcecode.swift; path = JSONPlaceholderViewerTests.swift; sourceTree = "<group>"; };
		E3FCF2C920D4EF3500D14E3D /* Info.plist */ = {isa = PBXFileReference; lastKnownFileType = text.plist.xml; path = Info.plist; sourceTree = "<group>"; };
/* End PBXFileReference section */

/* Begin PBXFrameworksBuildPhase section */
		E3F6E04920D4F0E70069D2C1 /* Frameworks */ = {
			isa = PBXFrameworksBuildPhase;
			buildActionMask = 2147483647;
			files = (
				E3F6E07020D508840069D2C1 /* APIKit.framework in Frameworks */,
				E3F6E07220D508890069D2C1 /* Result.framework in Frameworks */,
			);
			runOnlyForDeploymentPostprocessing = 0;
		};
		E3F6E05220D4F0E80069D2C1 /* Frameworks */ = {
			isa = PBXFrameworksBuildPhase;
			buildActionMask = 2147483647;
			files = (
				E3F6E05620D4F0E80069D2C1 /* JSONPlaceholderApi.framework in Frameworks */,
				E3F6E07620D50BC40069D2C1 /* Quick.framework in Frameworks */,
				E3F6E07820D50BC80069D2C1 /* Nimble.framework in Frameworks */,
				E3F6E08220D50C800069D2C1 /* OHHTTPStubs.framework in Frameworks */,
				E3FB206E20D55DA000C91CB9 /* Result.framework in Frameworks */,
				E3FB207020D55E3300C91CB9 /* APIKit.framework in Frameworks */,
			);
			runOnlyForDeploymentPostprocessing = 0;
		};
		E3FCF2AC20D4EF3300D14E3D /* Frameworks */ = {
			isa = PBXFrameworksBuildPhase;
			buildActionMask = 2147483647;
			files = (
				E3F6E06220D4F0E80069D2C1 /* JSONPlaceholderApi.framework in Frameworks */,
				E3F6E08520D50C9E0069D2C1 /* ReactiveCocoa.framework in Frameworks */,
				E3F6E08720D50CBF0069D2C1 /* ReactiveSwift.framework in Frameworks */,
				E3F6E08820D50CC50069D2C1 /* Result.framework in Frameworks */,
			);
			runOnlyForDeploymentPostprocessing = 0;
		};
		E3FCF2C020D4EF3500D14E3D /* Frameworks */ = {
			isa = PBXFrameworksBuildPhase;
			buildActionMask = 2147483647;
			files = (
				E3F6E06D20D4F32A0069D2C1 /* JSONPlaceholderApi.framework in Frameworks */,
				E3F6E07C20D50C2C0069D2C1 /* Quick.framework in Frameworks */,
				E3F6E07D20D50C2F0069D2C1 /* Nimble.framework in Frameworks */,
			);
			runOnlyForDeploymentPostprocessing = 0;
		};
/* End PBXFrameworksBuildPhase section */

/* Begin PBXGroup section */
		E31854B520D7EAF300D8AC89 /* APIKit+Decodable */ = {
			isa = PBXGroup;
			children = (
				E31854B620D7EB1E00D8AC89 /* Request+Decodable.swift */,
			);
			path = "APIKit+Decodable";
			sourceTree = "<group>";
		};
		E31854D620D92F0E00D8AC89 /* Requests */ = {
			isa = PBXGroup;
			children = (
				E3F6E09720D514E00069D2C1 /* JSONPlaceholderRequest.swift */,
				E3FB206C20D55B3F00C91CB9 /* PostsRequest.swift */,
				E31854C420D8DEC200D8AC89 /* UserRequest.swift */,
				E31854D020D929B000D8AC89 /* CommentsRequest.swift */,
			);
			path = Requests;
			sourceTree = "<group>";
		};
		E31854DB20D932C900D8AC89 /* Requests */ = {
			isa = PBXGroup;
			children = (
				E3F6E09320D512180069D2C1 /* PostsRequestSpec.swift */,
				E31854C620D8DF2100D8AC89 /* UserRequestSpec.swift */,
				E31854CC20D9281D00D8AC89 /* CommentsRequestSpec.swift */,
			);
			path = Requests;
			sourceTree = "<group>";
		};
		E32C426720DDFB8800AB328A /* DataProvider */ = {
			isa = PBXGroup;
			children = (
				E32C426820DDFB9D00AB328A /* DataProvider.swift */,
			);
			path = DataProvider;
			sourceTree = "<group>";
		};
		E32C426E20DE096300AB328A /* Database */ = {
			isa = PBXGroup;
			children = (
				E32C426F20DE097D00AB328A /* DatabaseSpec.swift */,
				E32C427120DE185600AB328A /* CoreDataStackMock.swift */,
			);
			path = Database;
			sourceTree = "<group>";
		};
		E32C427520DE4A9600AB328A /* Posts */ = {
			isa = PBXGroup;
			children = (
				E32C428220DE4B5E00AB328A /* PostsViewController.storyboard */,
				E32C428020DE4B5400AB328A /* PostsViewController.swift */,
				E32C428420DE4B7E00AB328A /* PostsViewModel.swift */,
				E32C428820DE4CC200AB328A /* Cell */,
			);
			path = Posts;
			sourceTree = "<group>";
		};
		E32C428820DE4CC200AB328A /* Cell */ = {
			isa = PBXGroup;
			children = (
				E32C428E20DE4DE000AB328A /* PostCell.xib */,
				E32C428C20DE4DD700AB328A /* PostCell.swift */,
				E32C428620DE4C8500AB328A /* PostCellModel.swift */,
			);
			path = Cell;
			sourceTree = "<group>";
		};
		E32C428920DE4D7D00AB328A /* UIKitExtensions */ = {
			isa = PBXGroup;
			children = (
				E32C428A20DE4D9600AB328A /* UITableView+Type.swift */,
			);
			path = UIKitExtensions;
			sourceTree = "<group>";
		};
		E32C429020DE557300AB328A /* UI */ = {
			isa = PBXGroup;
			children = (
				E32C429520DE58C700AB328A /* PostsViewModelSpec.swift */,
				E32C429120DE55CF00AB328A /* PostCellModelSpec.swift */,
			);
			path = UI;
			sourceTree = "<group>";
		};
		E38216C920DA42D70064B147 /* Application */ = {
			isa = PBXGroup;
			children = (
				E3F5DE5620DBB54100D3AEF7 /* AppDependencies.swift */,
				E3FCF2B220D4EF3300D14E3D /* AppDelegate.swift */,
				E3FCF2BE20D4EF3500D14E3D /* Info.plist */,
				E3FCF2B920D4EF3500D14E3D /* Assets.xcassets */,
				E3FCF2BB20D4EF3500D14E3D /* LaunchScreen.storyboard */,
			);
			path = Application;
			sourceTree = "<group>";
		};
		E38216CA20DA42DF0064B147 /* UI */ = {
			isa = PBXGroup;
			children = (
				E3F5DE5C20DBB5C700D3AEF7 /* CoordinatorFactory.swift */,
				E3F5DE5A20DBB5BF00D3AEF7 /* ViewFactory.swift */,
				E3F5DE5E20DBBCE400D3AEF7 /* Coordinator */,
				E32C427520DE4A9600AB328A /* Posts */,
				E32C428920DE4D7D00AB328A /* UIKitExtensions */,
			);
			path = UI;
			sourceTree = "<group>";
		};
		E38216CB20DA42E60064B147 /* Component */ = {
			isa = PBXGroup;
			children = (
				E3F5DE5820DBB55B00D3AEF7 /* Components.swift */,
				E32C426720DDFB8800AB328A /* DataProvider */,
				E3F5DE6520DBC44500D3AEF7 /* Network */,
				E38216CC20DA44390064B147 /* Database */,
				E32C426A20DDFFA400AB328A /* ResultWrappedObservable.swift */,
			);
			path = Component;
			sourceTree = "<group>";
		};
		E38216CC20DA44390064B147 /* Database */ = {
			isa = PBXGroup;
			children = (
				E38216D720DA4D120064B147 /* CoreDataHelpers */,
				E38216D020DA486F0064B147 /* Entities */,
				E38216CD20DA44F50064B147 /* JSONPlaceholderViewer.xcdatamodeld */,
				E3F5DE5420DBAF8200D3AEF7 /* CoreDataStack.swift */,
				E32C426C20DE03B000AB328A /* Database.swift */,
			);
			path = Database;
			sourceTree = "<group>";
		};
		E38216D020DA486F0064B147 /* Entities */ = {
			isa = PBXGroup;
			children = (
				E38216D120DA48890064B147 /* Post.swift */,
				E38216D320DA4B970064B147 /* User.swift */,
				E38216D520DA4B9E0064B147 /* Comment.swift */,
			);
			path = Entities;
			sourceTree = "<group>";
		};
		E38216D720DA4D120064B147 /* CoreDataHelpers */ = {
			isa = PBXGroup;
			children = (
				E38216D820DA4D1C0064B147 /* Managed.swift */,
				E38216DA20DA624D0064B147 /* NSManagedObject+Extension.swift */,
				E32C427320DE1E2400AB328A /* NSManagedObjectContext+ReactiveSwift.swift */,
			);
			path = CoreDataHelpers;
			sourceTree = "<group>";
		};
		E3F5DE5E20DBBCE400D3AEF7 /* Coordinator */ = {
			isa = PBXGroup;
			children = (
				E3F5DE6320DBBD7600D3AEF7 /* CoordinatorProtocols.swift */,
				E3F5DE5F20DBBD1000D3AEF7 /* WindowCoordinator.swift */,
				E3F5DE6120DBBD4C00D3AEF7 /* HomeNavigationCoordinator.swift */,
			);
			path = Coordinator;
			sourceTree = "<group>";
		};
		E3F5DE6520DBC44500D3AEF7 /* Network */ = {
			isa = PBXGroup;
			children = (
				E3F5DE6620DBC45E00D3AEF7 /* Network.swift */,
				E3F5DE6820DBC47D00D3AEF7 /* NetworkError.swift */,
			);
			path = Network;
			sourceTree = "<group>";
		};
		E3F5DE6A20DBC68F00D3AEF7 /* Component */ = {
			isa = PBXGroup;
			children = (
				E3F5DE6B20DBC69700D3AEF7 /* DataProvider */,
				E32C426E20DE096300AB328A /* Database */,
			);
			path = Component;
			sourceTree = "<group>";
		};
		E3F5DE6B20DBC69700D3AEF7 /* DataProvider */ = {
			isa = PBXGroup;
			children = (
				E3F5DE6C20DBC6A700D3AEF7 /* DataProviderSpec.swift */,
			);
			path = DataProvider;
			sourceTree = "<group>";
		};
		E3F6E04E20D4F0E80069D2C1 /* JSONPlaceholderApi */ = {
			isa = PBXGroup;
			children = (
				E31854B520D7EAF300D8AC89 /* APIKit+Decodable */,
				E3FB206720D558A600C91CB9 /* Models */,
				E3F6E08E20D510770069D2C1 /* Network */,
				E3F6E04F20D4F0E80069D2C1 /* JSONPlaceholderApi.h */,
				E3F6E05020D4F0E80069D2C1 /* Info.plist */,
			);
			path = JSONPlaceholderApi;
			sourceTree = "<group>";
		};
		E3F6E05B20D4F0E80069D2C1 /* JSONPlaceholderApiTests */ = {
			isa = PBXGroup;
			children = (
				E3FB206420D556B500C91CB9 /* Models */,
				E3F6E08A20D510090069D2C1 /* Network */,
				E3F6E09120D510E70069D2C1 /* Resources */,
				E3F6E05E20D4F0E80069D2C1 /* Info.plist */,
			);
			path = JSONPlaceholderApiTests;
			sourceTree = "<group>";
		};
		E3F6E06C20D4F32A0069D2C1 /* Frameworks */ = {
			isa = PBXGroup;
			children = (
				E3F6E08620D50CBF0069D2C1 /* ReactiveSwift.framework */,
				E3F6E08420D50C9E0069D2C1 /* ReactiveCocoa.framework */,
				E3F6E08120D50C800069D2C1 /* OHHTTPStubs.framework */,
				E3F6E07720D50BC80069D2C1 /* Nimble.framework */,
				E3F6E07520D50BC40069D2C1 /* Quick.framework */,
				E3F6E07120D508890069D2C1 /* Result.framework */,
				E3F6E06F20D508840069D2C1 /* APIKit.framework */,
			);
			name = Frameworks;
			sourceTree = "<group>";
		};
		E3F6E08A20D510090069D2C1 /* Network */ = {
			isa = PBXGroup;
			children = (
				E31854D220D92C9500D8AC89 /* ApiClientSpec.swift */,
				E31854DB20D932C900D8AC89 /* Requests */,
				E3F6E08B20D510180069D2C1 /* Utilities */,
			);
			path = Network;
			sourceTree = "<group>";
		};
		E3F6E08B20D510180069D2C1 /* Utilities */ = {
			isa = PBXGroup;
			children = (
				E3F6E08C20D510290069D2C1 /* StubConfigurator.swift */,
			);
			path = Utilities;
			sourceTree = "<group>";
		};
		E3F6E08E20D510770069D2C1 /* Network */ = {
			isa = PBXGroup;
			children = (
				E3F6E08F20D510950069D2C1 /* ApiRequestSetting.swift */,
				E31854D420D92EF300D8AC89 /* ApiClient.swift */,
				E31854D720D92F6B00D8AC89 /* SessionTaskError.swift */,
				E31854D920D92F7A00D8AC89 /* SessionTask.swift */,
				E31854D620D92F0E00D8AC89 /* Requests */,
			);
			path = Network;
			sourceTree = "<group>";
		};
		E3F6E09120D510E70069D2C1 /* Resources */ = {
			isa = PBXGroup;
			children = (
				E3F6E09220D510F50069D2C1 /* JSON */,
			);
			path = Resources;
			sourceTree = "<group>";
		};
		E3F6E09220D510F50069D2C1 /* JSON */ = {
			isa = PBXGroup;
			children = (
				E3FB206A20D55AEF00C91CB9 /* posts.json */,
				E31854B820D7ED6A00D8AC89 /* user.json */,
				E31854CE20D9297A00D8AC89 /* comments.json */,
			);
			path = JSON;
			sourceTree = "<group>";
		};
		E3F6E09D20D51F360069D2C1 /* Generated */ = {
			isa = PBXGroup;
			children = (
				E3F6E09E20D51F7A0069D2C1 /* Storyboards.swift */,
			);
			path = Generated;
			sourceTree = "<group>";
		};
		E3FB206420D556B500C91CB9 /* Models */ = {
			isa = PBXGroup;
			children = (
				E3FB206520D556C400C91CB9 /* PostSpec.swift */,
				E31854BA20D8D78B00D8AC89 /* UserSpec.swift */,
				E31854C820D925EF00D8AC89 /* CommentSpec.swift */,
			);
			path = Models;
			sourceTree = "<group>";
		};
		E3FB206720D558A600C91CB9 /* Models */ = {
			isa = PBXGroup;
			children = (
				E3FB206820D558B100C91CB9 /* Post.swift */,
				E31854BC20D8D8C500D8AC89 /* User.swift */,
				E31854BE20D8D90A00D8AC89 /* Address.swift */,
				E31854C020D8D93700D8AC89 /* Company.swift */,
				E31854C220D8D9DC00D8AC89 /* GeoLocation.swift */,
				E31854CA20D9272500D8AC89 /* Comment.swift */,
			);
			path = Models;
			sourceTree = "<group>";
		};
		E3FCF2A620D4EF3300D14E3D = {
			isa = PBXGroup;
			children = (
				E3FCF2B120D4EF3300D14E3D /* JSONPlaceholderViewer */,
				E3F6E04E20D4F0E80069D2C1 /* JSONPlaceholderApi */,
				E3FCF2C620D4EF3500D14E3D /* JSONPlaceholderViewerTests */,
				E3F6E05B20D4F0E80069D2C1 /* JSONPlaceholderApiTests */,
				E3FCF2B020D4EF3300D14E3D /* Products */,
				E3F6E06C20D4F32A0069D2C1 /* Frameworks */,
			);
			sourceTree = "<group>";
		};
		E3FCF2B020D4EF3300D14E3D /* Products */ = {
			isa = PBXGroup;
			children = (
				E3FCF2AF20D4EF3300D14E3D /* JSONPlaceholderViewer.app */,
				E3FCF2C320D4EF3500D14E3D /* JSONPlaceholderViewerTests.xctest */,
				E3F6E04D20D4F0E70069D2C1 /* JSONPlaceholderApi.framework */,
				E3F6E05520D4F0E80069D2C1 /* JSONPlaceholderApiTests.xctest */,
			);
			name = Products;
			sourceTree = "<group>";
		};
		E3FCF2B120D4EF3300D14E3D /* JSONPlaceholderViewer */ = {
			isa = PBXGroup;
			children = (
				E38216C920DA42D70064B147 /* Application */,
				E38216CB20DA42E60064B147 /* Component */,
				E38216CA20DA42DF0064B147 /* UI */,
				E3F6E09D20D51F360069D2C1 /* Generated */,
			);
			path = JSONPlaceholderViewer;
			sourceTree = "<group>";
		};
		E3FCF2C620D4EF3500D14E3D /* JSONPlaceholderViewerTests */ = {
			isa = PBXGroup;
			children = (
				E3F5DE6A20DBC68F00D3AEF7 /* Component */,
				E32C429020DE557300AB328A /* UI */,
				E3FCF2C720D4EF3500D14E3D /* JSONPlaceholderViewerTests.swift */,
				E3FCF2C920D4EF3500D14E3D /* Info.plist */,
			);
			path = JSONPlaceholderViewerTests;
			sourceTree = "<group>";
		};
/* End PBXGroup section */

/* Begin PBXHeadersBuildPhase section */
		E3F6E04A20D4F0E70069D2C1 /* Headers */ = {
			isa = PBXHeadersBuildPhase;
			buildActionMask = 2147483647;
			files = (
				E3F6E05F20D4F0E80069D2C1 /* JSONPlaceholderApi.h in Headers */,
			);
			runOnlyForDeploymentPostprocessing = 0;
		};
/* End PBXHeadersBuildPhase section */

/* Begin PBXNativeTarget section */
		E3F6E04C20D4F0E70069D2C1 /* JSONPlaceholderApi */ = {
			isa = PBXNativeTarget;
			buildConfigurationList = E3F6E06820D4F0E80069D2C1 /* Build configuration list for PBXNativeTarget "JSONPlaceholderApi" */;
			buildPhases = (
				E3F6E04820D4F0E70069D2C1 /* Sources */,
				E3F6E04920D4F0E70069D2C1 /* Frameworks */,
				E3F6E04A20D4F0E70069D2C1 /* Headers */,
				E3F6E04B20D4F0E70069D2C1 /* Resources */,
				E3F6E07320D508A90069D2C1 /* Carthage copy-frameworks */,
				E3F6E09A20D516770069D2C1 /* Swiftlint */,
			);
			buildRules = (
			);
			dependencies = (
			);
			name = JSONPlaceholderApi;
			productName = JSONPlaceholderApi;
			productReference = E3F6E04D20D4F0E70069D2C1 /* JSONPlaceholderApi.framework */;
			productType = "com.apple.product-type.framework";
		};
		E3F6E05420D4F0E80069D2C1 /* JSONPlaceholderApiTests */ = {
			isa = PBXNativeTarget;
			buildConfigurationList = E3F6E06A20D4F0E80069D2C1 /* Build configuration list for PBXNativeTarget "JSONPlaceholderApiTests" */;
			buildPhases = (
				E3F6E05120D4F0E80069D2C1 /* Sources */,
				E3F6E05220D4F0E80069D2C1 /* Frameworks */,
				E3F6E05320D4F0E80069D2C1 /* Resources */,
				E3F6E07920D50BD70069D2C1 /* CopyFiles */,
			);
			buildRules = (
			);
			dependencies = (
				E3F6E05820D4F0E80069D2C1 /* PBXTargetDependency */,
			);
			name = JSONPlaceholderApiTests;
			productName = JSONPlaceholderApiTests;
			productReference = E3F6E05520D4F0E80069D2C1 /* JSONPlaceholderApiTests.xctest */;
			productType = "com.apple.product-type.bundle.unit-test";
		};
		E3FCF2AE20D4EF3300D14E3D /* JSONPlaceholderViewer */ = {
			isa = PBXNativeTarget;
			buildConfigurationList = E3FCF2CC20D4EF3500D14E3D /* Build configuration list for PBXNativeTarget "JSONPlaceholderViewer" */;
			buildPhases = (
				E3FCF2AB20D4EF3300D14E3D /* Sources */,
				E3FCF2AC20D4EF3300D14E3D /* Frameworks */,
				E3FCF2AD20D4EF3300D14E3D /* Resources */,
				E3F6E06920D4F0E80069D2C1 /* Embed Frameworks */,
				E3F6E08920D50CFF0069D2C1 /* Carthage copy-frameworks */,
				E3F6E09920D516640069D2C1 /* Swiftlint */,
				E3F6E09C20D5188F0069D2C1 /* SwiftGen */,
			);
			buildRules = (
			);
			dependencies = (
				E3F6E06120D4F0E80069D2C1 /* PBXTargetDependency */,
			);
			name = JSONPlaceholderViewer;
			productName = JSONPlaceholderViewer;
			productReference = E3FCF2AF20D4EF3300D14E3D /* JSONPlaceholderViewer.app */;
			productType = "com.apple.product-type.application";
		};
		E3FCF2C220D4EF3500D14E3D /* JSONPlaceholderViewerTests */ = {
			isa = PBXNativeTarget;
			buildConfigurationList = E3FCF2CF20D4EF3500D14E3D /* Build configuration list for PBXNativeTarget "JSONPlaceholderViewerTests" */;
			buildPhases = (
				E3FCF2BF20D4EF3500D14E3D /* Sources */,
				E3FCF2C020D4EF3500D14E3D /* Frameworks */,
				E3FCF2C120D4EF3500D14E3D /* Resources */,
				E3F6E07E20D50C410069D2C1 /* CopyFiles */,
			);
			buildRules = (
			);
			dependencies = (
				E3FCF2C520D4EF3500D14E3D /* PBXTargetDependency */,
			);
			name = JSONPlaceholderViewerTests;
			productName = JSONPlaceholderViewerTests;
			productReference = E3FCF2C320D4EF3500D14E3D /* JSONPlaceholderViewerTests.xctest */;
			productType = "com.apple.product-type.bundle.unit-test";
		};
/* End PBXNativeTarget section */

/* Begin PBXProject section */
		E3FCF2A720D4EF3300D14E3D /* Project object */ = {
			isa = PBXProject;
			attributes = {
				LastSwiftUpdateCheck = 0940;
				LastUpgradeCheck = 0940;
				ORGANIZATIONNAME = "Yoshikuni Kato";
				TargetAttributes = {
					E3F6E04C20D4F0E70069D2C1 = {
						CreatedOnToolsVersion = 9.4.1;
						LastSwiftMigration = 0940;
					};
					E3F6E05420D4F0E80069D2C1 = {
						CreatedOnToolsVersion = 9.4.1;
					};
					E3FCF2AE20D4EF3300D14E3D = {
						CreatedOnToolsVersion = 9.4.1;
					};
					E3FCF2C220D4EF3500D14E3D = {
						CreatedOnToolsVersion = 9.4.1;
						TestTargetID = E3FCF2AE20D4EF3300D14E3D;
					};
				};
			};
			buildConfigurationList = E3FCF2AA20D4EF3300D14E3D /* Build configuration list for PBXProject "JSONPlaceholderViewer" */;
			compatibilityVersion = "Xcode 9.3";
			developmentRegion = en;
			hasScannedForEncodings = 0;
			knownRegions = (
				en,
				Base,
			);
			mainGroup = E3FCF2A620D4EF3300D14E3D;
			productRefGroup = E3FCF2B020D4EF3300D14E3D /* Products */;
			projectDirPath = "";
			projectRoot = "";
			targets = (
				E3FCF2AE20D4EF3300D14E3D /* JSONPlaceholderViewer */,
				E3F6E04C20D4F0E70069D2C1 /* JSONPlaceholderApi */,
				E3FCF2C220D4EF3500D14E3D /* JSONPlaceholderViewerTests */,
				E3F6E05420D4F0E80069D2C1 /* JSONPlaceholderApiTests */,
			);
		};
/* End PBXProject section */

/* Begin PBXResourcesBuildPhase section */
		E3F6E04B20D4F0E70069D2C1 /* Resources */ = {
			isa = PBXResourcesBuildPhase;
			buildActionMask = 2147483647;
			files = (
			);
			runOnlyForDeploymentPostprocessing = 0;
		};
		E3F6E05320D4F0E80069D2C1 /* Resources */ = {
			isa = PBXResourcesBuildPhase;
			buildActionMask = 2147483647;
			files = (
				E31854B920D7ED6A00D8AC89 /* user.json in Resources */,
				E3FB206B20D55AEF00C91CB9 /* posts.json in Resources */,
				E31854CF20D9297A00D8AC89 /* comments.json in Resources */,
			);
			runOnlyForDeploymentPostprocessing = 0;
		};
		E3FCF2AD20D4EF3300D14E3D /* Resources */ = {
			isa = PBXResourcesBuildPhase;
			buildActionMask = 2147483647;
			files = (
				E3FCF2BD20D4EF3500D14E3D /* LaunchScreen.storyboard in Resources */,
				E3FCF2BA20D4EF3500D14E3D /* Assets.xcassets in Resources */,
				E32C428320DE4B5E00AB328A /* PostsViewController.storyboard in Resources */,
				E32C428F20DE4DE000AB328A /* PostCell.xib in Resources */,
			);
			runOnlyForDeploymentPostprocessing = 0;
		};
		E3FCF2C120D4EF3500D14E3D /* Resources */ = {
			isa = PBXResourcesBuildPhase;
			buildActionMask = 2147483647;
			files = (
			);
			runOnlyForDeploymentPostprocessing = 0;
		};
/* End PBXResourcesBuildPhase section */

/* Begin PBXShellScriptBuildPhase section */
		E3F6E07320D508A90069D2C1 /* Carthage copy-frameworks */ = {
			isa = PBXShellScriptBuildPhase;
			buildActionMask = 2147483647;
			files = (
			);
			inputPaths = (
				"$(SRCROOT)/Carthage/Build/iOS/APIKit.framework",
				"$(SRCROOT)/Carthage/Build/iOS/Result.framework",
			);
			name = "Carthage copy-frameworks";
			outputPaths = (
				"$(BUILT_PRODUCTS_DIR)/$(FRAMEWORKS_FOLDER_PATH)/APIKit.framework",
				"$(BUILT_PRODUCTS_DIR)/$(FRAMEWORKS_FOLDER_PATH)/Result.framework",
			);
			runOnlyForDeploymentPostprocessing = 0;
			shellPath = /bin/sh;
			shellScript = "/usr/local/bin/carthage copy-frameworks";
		};
		E3F6E08920D50CFF0069D2C1 /* Carthage copy-frameworks */ = {
			isa = PBXShellScriptBuildPhase;
			buildActionMask = 2147483647;
			files = (
			);
			inputPaths = (
				"$(SRCROOT)/Carthage/Build/iOS/Result.framework",
				"$(SRCROOT)/Carthage/Build/iOS/ReactiveSwift.framework",
				"$(SRCROOT)/Carthage/Build/iOS/ReactiveCocoa.framework",
			);
			name = "Carthage copy-frameworks";
			outputPaths = (
				"$(BUILT_PRODUCTS_DIR)/$(FRAMEWORKS_FOLDER_PATH)/Result.framework",
				"$(BUILT_PRODUCTS_DIR)/$(FRAMEWORKS_FOLDER_PATH)/ReactiveSwift.framework",
				"$(BUILT_PRODUCTS_DIR)/$(FRAMEWORKS_FOLDER_PATH)/ReactiveCocoa.framework",
			);
			runOnlyForDeploymentPostprocessing = 0;
			shellPath = /bin/sh;
			shellScript = "/usr/local/bin/carthage copy-frameworks";
		};
		E3F6E09920D516640069D2C1 /* Swiftlint */ = {
			isa = PBXShellScriptBuildPhase;
			buildActionMask = 2147483647;
			files = (
			);
			inputPaths = (
			);
			name = Swiftlint;
			outputPaths = (
			);
			runOnlyForDeploymentPostprocessing = 0;
			shellPath = /bin/sh;
			shellScript = "if which swiftlint >/dev/null; then\nswiftlint autocorrect\nswiftlint\nelse\necho \"warning: SwiftLint not installed, download from https://github.com/realm/SwiftLint\"\nfi";
		};
		E3F6E09A20D516770069D2C1 /* Swiftlint */ = {
			isa = PBXShellScriptBuildPhase;
			buildActionMask = 2147483647;
			files = (
			);
			inputPaths = (
			);
			name = Swiftlint;
			outputPaths = (
			);
			runOnlyForDeploymentPostprocessing = 0;
			shellPath = /bin/sh;
			shellScript = "if which swiftlint >/dev/null; then\nswiftlint autocorrect\nswiftlint\nelse\necho \"warning: SwiftLint not installed, download from https://github.com/realm/SwiftLint\"\nfi";
		};
		E3F6E09C20D5188F0069D2C1 /* SwiftGen */ = {
			isa = PBXShellScriptBuildPhase;
			buildActionMask = 2147483647;
			files = (
			);
			inputPaths = (
			);
			name = SwiftGen;
			outputPaths = (
			);
			runOnlyForDeploymentPostprocessing = 0;
			shellPath = /bin/sh;
			shellScript = "if which swiftgen >/dev/null; then\nswiftgen\nelse\necho \"warning: SwiftGen not installed, download it from https://github.com/SwiftGen/SwiftGen\"\nfi";
		};
/* End PBXShellScriptBuildPhase section */

/* Begin PBXSourcesBuildPhase section */
		E3F6E04820D4F0E70069D2C1 /* Sources */ = {
			isa = PBXSourcesBuildPhase;
			buildActionMask = 2147483647;
			files = (
				E3F6E09820D514E00069D2C1 /* JSONPlaceholderRequest.swift in Sources */,
				E31854B720D7EB1E00D8AC89 /* Request+Decodable.swift in Sources */,
				E31854D520D92EF300D8AC89 /* ApiClient.swift in Sources */,
				E31854BD20D8D8C500D8AC89 /* User.swift in Sources */,
				E3FB206D20D55B3F00C91CB9 /* PostsRequest.swift in Sources */,
				E31854DA20D92F7A00D8AC89 /* SessionTask.swift in Sources */,
				E3F6E09020D510950069D2C1 /* ApiRequestSetting.swift in Sources */,
				E3FB206920D558B100C91CB9 /* Post.swift in Sources */,
				E31854C320D8D9DC00D8AC89 /* GeoLocation.swift in Sources */,
				E31854BF20D8D90A00D8AC89 /* Address.swift in Sources */,
				E31854D820D92F6B00D8AC89 /* SessionTaskError.swift in Sources */,
				E31854C520D8DEC200D8AC89 /* UserRequest.swift in Sources */,
				E31854CB20D9272500D8AC89 /* Comment.swift in Sources */,
				E31854C120D8D93700D8AC89 /* Company.swift in Sources */,
				E31854D120D929B000D8AC89 /* CommentsRequest.swift in Sources */,
			);
			runOnlyForDeploymentPostprocessing = 0;
		};
		E3F6E05120D4F0E80069D2C1 /* Sources */ = {
			isa = PBXSourcesBuildPhase;
			buildActionMask = 2147483647;
			files = (
				E31854C920D925EF00D8AC89 /* CommentSpec.swift in Sources */,
				E3FB206620D556C400C91CB9 /* PostSpec.swift in Sources */,
				E3F6E09420D512180069D2C1 /* PostsRequestSpec.swift in Sources */,
				E31854C720D8DF2100D8AC89 /* UserRequestSpec.swift in Sources */,
				E31854CD20D9281D00D8AC89 /* CommentsRequestSpec.swift in Sources */,
				E3F6E08D20D510290069D2C1 /* StubConfigurator.swift in Sources */,
				E31854D320D92C9500D8AC89 /* ApiClientSpec.swift in Sources */,
				E31854BB20D8D78B00D8AC89 /* UserSpec.swift in Sources */,
			);
			runOnlyForDeploymentPostprocessing = 0;
		};
		E3FCF2AB20D4EF3300D14E3D /* Sources */ = {
			isa = PBXSourcesBuildPhase;
			buildActionMask = 2147483647;
			files = (
				E38216DB20DA624D0064B147 /* NSManagedObject+Extension.swift in Sources */,
				E3F6E09F20D51F7A0069D2C1 /* Storyboards.swift in Sources */,
				E3F5DE6220DBBD4C00D3AEF7 /* HomeNavigationCoordinator.swift in Sources */,
				E32C428B20DE4D9600AB328A /* UITableView+Type.swift in Sources */,
				E3F5DE6020DBBD1000D3AEF7 /* WindowCoordinator.swift in Sources */,
				E32C428D20DE4DD700AB328A /* PostCell.swift in Sources */,
				E3F5DE5920DBB55B00D3AEF7 /* Components.swift in Sources */,
				E38216CF20DA44F50064B147 /* JSONPlaceholderViewer.xcdatamodeld in Sources */,
				E38216D420DA4B970064B147 /* User.swift in Sources */,
				E32C428120DE4B5400AB328A /* PostsViewController.swift in Sources */,
				E32C426920DDFB9D00AB328A /* DataProvider.swift in Sources */,
				E38216D620DA4B9E0064B147 /* Comment.swift in Sources */,
				E3F5DE5520DBAF8200D3AEF7 /* CoreDataStack.swift in Sources */,
				E32C428720DE4C8500AB328A /* PostCellModel.swift in Sources */,
				E3F5DE5B20DBB5BF00D3AEF7 /* ViewFactory.swift in Sources */,
				E32C426B20DDFFA400AB328A /* ResultWrappedObservable.swift in Sources */,
				E32C426D20DE03B000AB328A /* Database.swift in Sources */,
				E3F5DE6720DBC45E00D3AEF7 /* Network.swift in Sources */,
				E38216D920DA4D1C0064B147 /* Managed.swift in Sources */,
				E3FCF2B320D4EF3300D14E3D /* AppDelegate.swift in Sources */,
				E3F5DE5720DBB54100D3AEF7 /* AppDependencies.swift in Sources */,
				E38216D220DA48890064B147 /* Post.swift in Sources */,
				E32C427420DE1E2400AB328A /* NSManagedObjectContext+ReactiveSwift.swift in Sources */,
				E32C428520DE4B7E00AB328A /* PostsViewModel.swift in Sources */,
				E3F5DE6920DBC47D00D3AEF7 /* NetworkError.swift in Sources */,
				E3F5DE6420DBBD7600D3AEF7 /* CoordinatorProtocols.swift in Sources */,
				E3F5DE5D20DBB5C700D3AEF7 /* CoordinatorFactory.swift in Sources */,
			);
			runOnlyForDeploymentPostprocessing = 0;
		};
		E3FCF2BF20D4EF3500D14E3D /* Sources */ = {
			isa = PBXSourcesBuildPhase;
			buildActionMask = 2147483647;
			files = (
				E32C427020DE097D00AB328A /* DatabaseSpec.swift in Sources */,
				E32C427220DE185600AB328A /* CoreDataStackMock.swift in Sources */,
				E3FCF2C820D4EF3500D14E3D /* JSONPlaceholderViewerTests.swift in Sources */,
				E32C429620DE58C700AB328A /* PostsViewModelSpec.swift in Sources */,
				E32C429220DE55CF00AB328A /* PostCellModelSpec.swift in Sources */,
				E3F5DE6D20DBC6A700D3AEF7 /* DataProviderSpec.swift in Sources */,
			);
			runOnlyForDeploymentPostprocessing = 0;
		};
/* End PBXSourcesBuildPhase section */

/* Begin PBXTargetDependency section */
		E3F6E05820D4F0E80069D2C1 /* PBXTargetDependency */ = {
			isa = PBXTargetDependency;
			target = E3F6E04C20D4F0E70069D2C1 /* JSONPlaceholderApi */;
			targetProxy = E3F6E05720D4F0E80069D2C1 /* PBXContainerItemProxy */;
		};
		E3F6E06120D4F0E80069D2C1 /* PBXTargetDependency */ = {
			isa = PBXTargetDependency;
			target = E3F6E04C20D4F0E70069D2C1 /* JSONPlaceholderApi */;
			targetProxy = E3F6E06020D4F0E80069D2C1 /* PBXContainerItemProxy */;
		};
		E3FCF2C520D4EF3500D14E3D /* PBXTargetDependency */ = {
			isa = PBXTargetDependency;
			target = E3FCF2AE20D4EF3300D14E3D /* JSONPlaceholderViewer */;
			targetProxy = E3FCF2C420D4EF3500D14E3D /* PBXContainerItemProxy */;
		};
/* End PBXTargetDependency section */

/* Begin PBXVariantGroup section */
		E3FCF2BB20D4EF3500D14E3D /* LaunchScreen.storyboard */ = {
			isa = PBXVariantGroup;
			children = (
				E3FCF2BC20D4EF3500D14E3D /* Base */,
			);
			name = LaunchScreen.storyboard;
			sourceTree = "<group>";
		};
/* End PBXVariantGroup section */

/* Begin XCBuildConfiguration section */
		E3F6E06420D4F0E80069D2C1 /* Debug */ = {
			isa = XCBuildConfiguration;
			buildSettings = {
				CLANG_ENABLE_MODULES = YES;
				CODE_SIGN_IDENTITY = "";
				CODE_SIGN_STYLE = Automatic;
				CURRENT_PROJECT_VERSION = 1;
				DEFINES_MODULE = YES;
				DEVELOPMENT_TEAM = 4DNR887AL8;
				DYLIB_COMPATIBILITY_VERSION = 1;
				DYLIB_CURRENT_VERSION = 1;
				DYLIB_INSTALL_NAME_BASE = "@rpath";
				FRAMEWORK_SEARCH_PATHS = (
					"$(inherited)",
					"$(PROJECT_DIR)/Carthage/Build/iOS",
				);
				INFOPLIST_FILE = "$(SRCROOT)/JSONPlaceholderApi/Info.plist";
				INSTALL_PATH = "$(LOCAL_LIBRARY_DIR)/Frameworks";
				LD_RUNPATH_SEARCH_PATHS = (
					"$(inherited)",
					"@executable_path/Frameworks",
					"@loader_path/Frameworks",
				);
				PRODUCT_BUNDLE_IDENTIFIER = "com.yoshikuni-web.JSONPlaceholderApi";
				PRODUCT_NAME = "$(TARGET_NAME:c99extidentifier)";
				SKIP_INSTALL = YES;
				SWIFT_OPTIMIZATION_LEVEL = "-Onone";
				SWIFT_VERSION = 4.0;
				TARGETED_DEVICE_FAMILY = "1,2";
				VERSIONING_SYSTEM = "apple-generic";
				VERSION_INFO_PREFIX = "";
			};
			name = Debug;
		};
		E3F6E06520D4F0E80069D2C1 /* Release */ = {
			isa = XCBuildConfiguration;
			buildSettings = {
				CLANG_ENABLE_MODULES = YES;
				CODE_SIGN_IDENTITY = "";
				CODE_SIGN_STYLE = Automatic;
				CURRENT_PROJECT_VERSION = 1;
				DEFINES_MODULE = YES;
				DEVELOPMENT_TEAM = 4DNR887AL8;
				DYLIB_COMPATIBILITY_VERSION = 1;
				DYLIB_CURRENT_VERSION = 1;
				DYLIB_INSTALL_NAME_BASE = "@rpath";
				FRAMEWORK_SEARCH_PATHS = (
					"$(inherited)",
					"$(PROJECT_DIR)/Carthage/Build/iOS",
				);
				INFOPLIST_FILE = "$(SRCROOT)/JSONPlaceholderApi/Info.plist";
				INSTALL_PATH = "$(LOCAL_LIBRARY_DIR)/Frameworks";
				LD_RUNPATH_SEARCH_PATHS = (
					"$(inherited)",
					"@executable_path/Frameworks",
					"@loader_path/Frameworks",
				);
				PRODUCT_BUNDLE_IDENTIFIER = "com.yoshikuni-web.JSONPlaceholderApi";
				PRODUCT_NAME = "$(TARGET_NAME:c99extidentifier)";
				SKIP_INSTALL = YES;
				SWIFT_VERSION = 4.0;
				TARGETED_DEVICE_FAMILY = "1,2";
				VERSIONING_SYSTEM = "apple-generic";
				VERSION_INFO_PREFIX = "";
			};
			name = Release;
		};
		E3F6E06620D4F0E80069D2C1 /* Debug */ = {
			isa = XCBuildConfiguration;
			buildSettings = {
				ALWAYS_EMBED_SWIFT_STANDARD_LIBRARIES = YES;
				CODE_SIGN_STYLE = Automatic;
				DEVELOPMENT_TEAM = 4DNR887AL8;
				FRAMEWORK_SEARCH_PATHS = (
					"$(inherited)",
					"$(PROJECT_DIR)/Carthage/Build/iOS",
				);
				INFOPLIST_FILE = JSONPlaceholderApiTests/Info.plist;
				LD_RUNPATH_SEARCH_PATHS = (
					"$(inherited)",
					"@executable_path/Frameworks",
					"@loader_path/Frameworks",
				);
				PRODUCT_BUNDLE_IDENTIFIER = "com.yoshikuni-web.JSONPlaceholderApiTests";
				PRODUCT_NAME = "$(TARGET_NAME)";
				SWIFT_VERSION = 4.0;
				TARGETED_DEVICE_FAMILY = "1,2";
			};
			name = Debug;
		};
		E3F6E06720D4F0E80069D2C1 /* Release */ = {
			isa = XCBuildConfiguration;
			buildSettings = {
				ALWAYS_EMBED_SWIFT_STANDARD_LIBRARIES = YES;
				CODE_SIGN_STYLE = Automatic;
				DEVELOPMENT_TEAM = 4DNR887AL8;
				FRAMEWORK_SEARCH_PATHS = (
					"$(inherited)",
					"$(PROJECT_DIR)/Carthage/Build/iOS",
				);
				INFOPLIST_FILE = JSONPlaceholderApiTests/Info.plist;
				LD_RUNPATH_SEARCH_PATHS = (
					"$(inherited)",
					"@executable_path/Frameworks",
					"@loader_path/Frameworks",
				);
				PRODUCT_BUNDLE_IDENTIFIER = "com.yoshikuni-web.JSONPlaceholderApiTests";
				PRODUCT_NAME = "$(TARGET_NAME)";
				SWIFT_VERSION = 4.0;
				TARGETED_DEVICE_FAMILY = "1,2";
			};
			name = Release;
		};
		E3FCF2CA20D4EF3500D14E3D /* Debug */ = {
			isa = XCBuildConfiguration;
			buildSettings = {
				ALWAYS_SEARCH_USER_PATHS = NO;
				CLANG_ANALYZER_NONNULL = YES;
				CLANG_ANALYZER_NUMBER_OBJECT_CONVERSION = YES_AGGRESSIVE;
				CLANG_CXX_LANGUAGE_STANDARD = "gnu++14";
				CLANG_CXX_LIBRARY = "libc++";
				CLANG_ENABLE_MODULES = YES;
				CLANG_ENABLE_OBJC_ARC = YES;
				CLANG_ENABLE_OBJC_WEAK = YES;
				CLANG_WARN_BLOCK_CAPTURE_AUTORELEASING = YES;
				CLANG_WARN_BOOL_CONVERSION = YES;
				CLANG_WARN_COMMA = YES;
				CLANG_WARN_CONSTANT_CONVERSION = YES;
				CLANG_WARN_DEPRECATED_OBJC_IMPLEMENTATIONS = YES;
				CLANG_WARN_DIRECT_OBJC_ISA_USAGE = YES_ERROR;
				CLANG_WARN_DOCUMENTATION_COMMENTS = YES;
				CLANG_WARN_EMPTY_BODY = YES;
				CLANG_WARN_ENUM_CONVERSION = YES;
				CLANG_WARN_INFINITE_RECURSION = YES;
				CLANG_WARN_INT_CONVERSION = YES;
				CLANG_WARN_NON_LITERAL_NULL_CONVERSION = YES;
				CLANG_WARN_OBJC_IMPLICIT_RETAIN_SELF = YES;
				CLANG_WARN_OBJC_LITERAL_CONVERSION = YES;
				CLANG_WARN_OBJC_ROOT_CLASS = YES_ERROR;
				CLANG_WARN_RANGE_LOOP_ANALYSIS = YES;
				CLANG_WARN_STRICT_PROTOTYPES = YES;
				CLANG_WARN_SUSPICIOUS_MOVE = YES;
				CLANG_WARN_UNGUARDED_AVAILABILITY = YES_AGGRESSIVE;
				CLANG_WARN_UNREACHABLE_CODE = YES;
				CLANG_WARN__DUPLICATE_METHOD_MATCH = YES;
				CODE_SIGN_IDENTITY = "iPhone Developer";
				COPY_PHASE_STRIP = NO;
				DEBUG_INFORMATION_FORMAT = dwarf;
				ENABLE_STRICT_OBJC_MSGSEND = YES;
				ENABLE_TESTABILITY = YES;
				GCC_C_LANGUAGE_STANDARD = gnu11;
				GCC_DYNAMIC_NO_PIC = NO;
				GCC_NO_COMMON_BLOCKS = YES;
				GCC_OPTIMIZATION_LEVEL = 0;
				GCC_PREPROCESSOR_DEFINITIONS = (
					"DEBUG=1",
					"$(inherited)",
				);
				GCC_WARN_64_TO_32_BIT_CONVERSION = YES;
				GCC_WARN_ABOUT_RETURN_TYPE = YES_ERROR;
				GCC_WARN_UNDECLARED_SELECTOR = YES;
				GCC_WARN_UNINITIALIZED_AUTOS = YES_AGGRESSIVE;
				GCC_WARN_UNUSED_FUNCTION = YES;
				GCC_WARN_UNUSED_VARIABLE = YES;
				IPHONEOS_DEPLOYMENT_TARGET = 11.4;
				MTL_ENABLE_DEBUG_INFO = YES;
				ONLY_ACTIVE_ARCH = YES;
				SDKROOT = iphoneos;
				SWIFT_ACTIVE_COMPILATION_CONDITIONS = DEBUG;
				SWIFT_OPTIMIZATION_LEVEL = "-Onone";
			};
			name = Debug;
		};
		E3FCF2CB20D4EF3500D14E3D /* Release */ = {
			isa = XCBuildConfiguration;
			buildSettings = {
				ALWAYS_SEARCH_USER_PATHS = NO;
				CLANG_ANALYZER_NONNULL = YES;
				CLANG_ANALYZER_NUMBER_OBJECT_CONVERSION = YES_AGGRESSIVE;
				CLANG_CXX_LANGUAGE_STANDARD = "gnu++14";
				CLANG_CXX_LIBRARY = "libc++";
				CLANG_ENABLE_MODULES = YES;
				CLANG_ENABLE_OBJC_ARC = YES;
				CLANG_ENABLE_OBJC_WEAK = YES;
				CLANG_WARN_BLOCK_CAPTURE_AUTORELEASING = YES;
				CLANG_WARN_BOOL_CONVERSION = YES;
				CLANG_WARN_COMMA = YES;
				CLANG_WARN_CONSTANT_CONVERSION = YES;
				CLANG_WARN_DEPRECATED_OBJC_IMPLEMENTATIONS = YES;
				CLANG_WARN_DIRECT_OBJC_ISA_USAGE = YES_ERROR;
				CLANG_WARN_DOCUMENTATION_COMMENTS = YES;
				CLANG_WARN_EMPTY_BODY = YES;
				CLANG_WARN_ENUM_CONVERSION = YES;
				CLANG_WARN_INFINITE_RECURSION = YES;
				CLANG_WARN_INT_CONVERSION = YES;
				CLANG_WARN_NON_LITERAL_NULL_CONVERSION = YES;
				CLANG_WARN_OBJC_IMPLICIT_RETAIN_SELF = YES;
				CLANG_WARN_OBJC_LITERAL_CONVERSION = YES;
				CLANG_WARN_OBJC_ROOT_CLASS = YES_ERROR;
				CLANG_WARN_RANGE_LOOP_ANALYSIS = YES;
				CLANG_WARN_STRICT_PROTOTYPES = YES;
				CLANG_WARN_SUSPICIOUS_MOVE = YES;
				CLANG_WARN_UNGUARDED_AVAILABILITY = YES_AGGRESSIVE;
				CLANG_WARN_UNREACHABLE_CODE = YES;
				CLANG_WARN__DUPLICATE_METHOD_MATCH = YES;
				CODE_SIGN_IDENTITY = "iPhone Developer";
				COPY_PHASE_STRIP = NO;
				DEBUG_INFORMATION_FORMAT = "dwarf-with-dsym";
				ENABLE_NS_ASSERTIONS = NO;
				ENABLE_STRICT_OBJC_MSGSEND = YES;
				GCC_C_LANGUAGE_STANDARD = gnu11;
				GCC_NO_COMMON_BLOCKS = YES;
				GCC_WARN_64_TO_32_BIT_CONVERSION = YES;
				GCC_WARN_ABOUT_RETURN_TYPE = YES_ERROR;
				GCC_WARN_UNDECLARED_SELECTOR = YES;
				GCC_WARN_UNINITIALIZED_AUTOS = YES_AGGRESSIVE;
				GCC_WARN_UNUSED_FUNCTION = YES;
				GCC_WARN_UNUSED_VARIABLE = YES;
				IPHONEOS_DEPLOYMENT_TARGET = 11.4;
				MTL_ENABLE_DEBUG_INFO = NO;
				SDKROOT = iphoneos;
				SWIFT_COMPILATION_MODE = wholemodule;
				SWIFT_OPTIMIZATION_LEVEL = "-O";
				VALIDATE_PRODUCT = YES;
			};
			name = Release;
		};
		E3FCF2CD20D4EF3500D14E3D /* Debug */ = {
			isa = XCBuildConfiguration;
			buildSettings = {
				ALWAYS_EMBED_SWIFT_STANDARD_LIBRARIES = YES;
				ASSETCATALOG_COMPILER_APPICON_NAME = AppIcon;
				CODE_SIGN_STYLE = Automatic;
				DEVELOPMENT_TEAM = 4DNR887AL8;
				FRAMEWORK_SEARCH_PATHS = (
					"$(inherited)",
					"$(PROJECT_DIR)/Carthage/Build/iOS",
				);
				INFOPLIST_FILE = JSONPlaceholderViewer/Application/Info.plist;
				LD_RUNPATH_SEARCH_PATHS = (
					"$(inherited)",
					"@executable_path/Frameworks",
				);
				PRODUCT_BUNDLE_IDENTIFIER = "com.yoshikuni-web.JSONPlaceholderViewer";
				PRODUCT_NAME = "$(TARGET_NAME)";
				SWIFT_VERSION = 4.0;
				TARGETED_DEVICE_FAMILY = "1,2";
			};
			name = Debug;
		};
		E3FCF2CE20D4EF3500D14E3D /* Release */ = {
			isa = XCBuildConfiguration;
			buildSettings = {
				ALWAYS_EMBED_SWIFT_STANDARD_LIBRARIES = YES;
				ASSETCATALOG_COMPILER_APPICON_NAME = AppIcon;
				CODE_SIGN_STYLE = Automatic;
				DEVELOPMENT_TEAM = 4DNR887AL8;
				FRAMEWORK_SEARCH_PATHS = (
					"$(inherited)",
					"$(PROJECT_DIR)/Carthage/Build/iOS",
				);
				INFOPLIST_FILE = JSONPlaceholderViewer/Application/Info.plist;
				LD_RUNPATH_SEARCH_PATHS = (
					"$(inherited)",
					"@executable_path/Frameworks",
				);
				PRODUCT_BUNDLE_IDENTIFIER = "com.yoshikuni-web.JSONPlaceholderViewer";
				PRODUCT_NAME = "$(TARGET_NAME)";
				SWIFT_VERSION = 4.0;
				TARGETED_DEVICE_FAMILY = "1,2";
			};
			name = Release;
		};
		E3FCF2D020D4EF3500D14E3D /* Debug */ = {
			isa = XCBuildConfiguration;
			buildSettings = {
				ALWAYS_EMBED_SWIFT_STANDARD_LIBRARIES = YES;
				BUNDLE_LOADER = "$(TEST_HOST)";
				CODE_SIGN_STYLE = Automatic;
				DEVELOPMENT_TEAM = 4DNR887AL8;
				FRAMEWORK_SEARCH_PATHS = (
					"$(inherited)",
					"$(PROJECT_DIR)/Carthage/Build/iOS",
				);
				INFOPLIST_FILE = JSONPlaceholderViewerTests/Info.plist;
				LD_RUNPATH_SEARCH_PATHS = (
					"$(inherited)",
					"@executable_path/Frameworks",
					"@loader_path/Frameworks",
				);
				PRODUCT_BUNDLE_IDENTIFIER = "com.yoshikuni-web.JSONPlaceholderViewerTests";
				PRODUCT_NAME = "$(TARGET_NAME)";
				SWIFT_VERSION = 4.0;
				TARGETED_DEVICE_FAMILY = "1,2";
				TEST_HOST = "$(BUILT_PRODUCTS_DIR)/JSONPlaceholderViewer.app/JSONPlaceholderViewer";
			};
			name = Debug;
		};
		E3FCF2D120D4EF3500D14E3D /* Release */ = {
			isa = XCBuildConfiguration;
			buildSettings = {
				ALWAYS_EMBED_SWIFT_STANDARD_LIBRARIES = YES;
				BUNDLE_LOADER = "$(TEST_HOST)";
				CODE_SIGN_STYLE = Automatic;
				DEVELOPMENT_TEAM = 4DNR887AL8;
				FRAMEWORK_SEARCH_PATHS = (
					"$(inherited)",
					"$(PROJECT_DIR)/Carthage/Build/iOS",
				);
				INFOPLIST_FILE = JSONPlaceholderViewerTests/Info.plist;
				LD_RUNPATH_SEARCH_PATHS = (
					"$(inherited)",
					"@executable_path/Frameworks",
					"@loader_path/Frameworks",
				);
				PRODUCT_BUNDLE_IDENTIFIER = "com.yoshikuni-web.JSONPlaceholderViewerTests";
				PRODUCT_NAME = "$(TARGET_NAME)";
				SWIFT_VERSION = 4.0;
				TARGETED_DEVICE_FAMILY = "1,2";
				TEST_HOST = "$(BUILT_PRODUCTS_DIR)/JSONPlaceholderViewer.app/JSONPlaceholderViewer";
			};
			name = Release;
		};
/* End XCBuildConfiguration section */

/* Begin XCConfigurationList section */
		E3F6E06820D4F0E80069D2C1 /* Build configuration list for PBXNativeTarget "JSONPlaceholderApi" */ = {
			isa = XCConfigurationList;
			buildConfigurations = (
				E3F6E06420D4F0E80069D2C1 /* Debug */,
				E3F6E06520D4F0E80069D2C1 /* Release */,
			);
			defaultConfigurationIsVisible = 0;
			defaultConfigurationName = Release;
		};
		E3F6E06A20D4F0E80069D2C1 /* Build configuration list for PBXNativeTarget "JSONPlaceholderApiTests" */ = {
			isa = XCConfigurationList;
			buildConfigurations = (
				E3F6E06620D4F0E80069D2C1 /* Debug */,
				E3F6E06720D4F0E80069D2C1 /* Release */,
			);
			defaultConfigurationIsVisible = 0;
			defaultConfigurationName = Release;
		};
		E3FCF2AA20D4EF3300D14E3D /* Build configuration list for PBXProject "JSONPlaceholderViewer" */ = {
			isa = XCConfigurationList;
			buildConfigurations = (
				E3FCF2CA20D4EF3500D14E3D /* Debug */,
				E3FCF2CB20D4EF3500D14E3D /* Release */,
			);
			defaultConfigurationIsVisible = 0;
			defaultConfigurationName = Release;
		};
		E3FCF2CC20D4EF3500D14E3D /* Build configuration list for PBXNativeTarget "JSONPlaceholderViewer" */ = {
			isa = XCConfigurationList;
			buildConfigurations = (
				E3FCF2CD20D4EF3500D14E3D /* Debug */,
				E3FCF2CE20D4EF3500D14E3D /* Release */,
			);
			defaultConfigurationIsVisible = 0;
			defaultConfigurationName = Release;
		};
		E3FCF2CF20D4EF3500D14E3D /* Build configuration list for PBXNativeTarget "JSONPlaceholderViewerTests" */ = {
			isa = XCConfigurationList;
			buildConfigurations = (
				E3FCF2D020D4EF3500D14E3D /* Debug */,
				E3FCF2D120D4EF3500D14E3D /* Release */,
			);
			defaultConfigurationIsVisible = 0;
			defaultConfigurationName = Release;
		};
/* End XCConfigurationList section */

/* Begin XCVersionGroup section */
		E38216CD20DA44F50064B147 /* JSONPlaceholderViewer.xcdatamodeld */ = {
			isa = XCVersionGroup;
			children = (
				E38216CE20DA44F50064B147 /* JSONPlaceholderViewer.xcdatamodel */,
			);
			currentVersion = E38216CE20DA44F50064B147 /* JSONPlaceholderViewer.xcdatamodel */;
			path = JSONPlaceholderViewer.xcdatamodeld;
			sourceTree = "<group>";
			versionGroupType = wrapper.xcdatamodel;
		};
/* End XCVersionGroup section */
	};
	rootObject = E3FCF2A720D4EF3300D14E3D /* Project object */;
}
